
Microsoft Visual Studio Solution File, Format Version 12.00
# Visual Studio 15
VisualStudioVersion = 15.0.28307.136
MinimumVisualStudioVersion = 10.0.40219.1
Project("{FAE04EC0-301F-11D3-BF4B-00C04F79EFBC}") = "libraryCataloger", "libraryCataloger\libraryCataloger.csproj", "{45A6F6E7-05D2-4196-A07C-2850671E114F}"
EndProject
Global
	GlobalSection(SolutionConfigurationPlatforms) = preSolution
		Debug|Any CPU = Debug|Any CPU
		Release|Any CPU = Release|Any CPU
	EndGlobalSection
	GlobalSection(ProjectConfigurationPlatforms) = postSolution
		{45A6F6E7-05D2-4196-A07C-2850671E114F}.Debug|Any CPU.ActiveCfg = Debug|Any CPU
		{45A6F6E7-05D2-4196-A07C-2850671E114F}.Debug|Any CPU.Build.0 = Debug|Any CPU
		{45A6F6E7-05D2-4196-A07C-2850671E114F}.Release|Any CPU.ActiveCfg = Release|Any CPU
		{45A6F6E7-05D2-4196-A07C-2850671E114F}.Release|Any CPU.Build.0 = Release|Any CPU
	EndGlobalSection
	GlobalSection(SolutionProperties) = preSolution
		HideSolutionNode = FALSE
	EndGlobalSection
	GlobalSection(ExtensibilityGlobals) = postSolution
		SolutionGuid = {41DE8B0D-EC40-4D66-9B43-A0CA8D041985}
	EndGlobalSection
EndGlobal
